github.com/chzyer/logex v1.1.10 h1:Swpa1K6QvQznwJRcfTfQJmTE72DqScAa40E+fbHEXEE=
github.com/chzyer/logex v1.1.10/go.mod h1:+Ywpsq7O8HXn0nuIou7OrIPyXbp3wmkHB+jjWRnGsAI=
github.com/chzyer/readline v0.0.0-20180603132655-2972be24d48e h1:fY5BOSpyZCqRo5OhCuC+XN+r/bBCmeuuJtjz+bCNIf8=
github.com/chzyer/readline v0.0.0-20180603132655-2972be24d48e/go.mod h1:nSuG5e5PlCu98SY8svDHJxuZscDgtXS6KTTbou5AhLI=
github.com/chzyer/test v0.0.0-20180213035817-a1ea475d72b1 h1:q763qf9huN11kDQavWsoZXJNW3xEE4JJyHa5Q25/sd8=
github.com/chzyer/test v0.0.0-20180213035817-a1ea475d72b1/go.mod h1:Q3SI9o4m/ZMnBNeIyt5eFwwo7qiLfzFZmjNmxjkiQlU=
github.com/cpuguy83/go-md2man/v2 v2.0.2/go.mod h1:tgQtvFlXSQOSOSIRvRPT7W67SCa46tRHOmNcaadrF8o=
github.com/davecgh/go-spew v1.1.0/go.mod h1:J7Y8YcW2NihsgmVo/mv3lAwl/skON4iLHjSsI+c5H38=
github.com/davecgh/go-spew v1.1.1 h1:vj9j/u1bqnvCEfJOwUhtlOARqs3+rkHYY13jYWTU97c=
github.com/davecgh/go-spew v1.1.1/go.mod h1:J7Y8YcW2NihsgmVo/mv3lAwl/skON4iLHjSsI+c5H38=
github.com/evanw/esbuild v0.15.7 h1:1oi9ehtc3BTFVXAAsljCc1OQsoMHt4SXipVwaKgmz9s=
github.com/evanw/esbuild v0.15.7/go.mod h1:iINY06rn799hi48UqEnaQvVfZWe6W9bET78LbvN8VWk=
github.com/fatih/color v1.13.0 h1:8LOYc1KYPPmyKMuN8QV2DNRWNbLo6LZ0iLs8+mlH53w=
github.com/fatih/color v1.13.0/go.mod h1:kLAiJbzzSOZDVNGyDpeOxJ47H46qBXwg5ILebYFFOfk=
github.com/fsnotify/fsnotify v1.5.4 h1:jRbGcIw6P2Meqdwuo0H1p6JVLbL5DHKAKlYndzMwVZI=
github.com/fsnotify/fsnotify v1.5.4/go.mod h1:OVB6XrOHzAwXMpEM7uPOzcehqUV2UqJxmVXmkdnm1bU=
github.com/gorilla/css v1.0.0 h1:BQqNyPTi50JCFMTw/b67hByjMVXZRwGha6wxVGkeihY=
github.com/gorilla/css v1.0.0/go.mod h1:Dn721qIggHpt4+EFCcTLTU/vk5ySda2ReITrtgBl60c=
github.com/gorilla/websocket v1.5.0 h1:PPwGk2jz7EePpoHN/+ClbZu8SPxiqlu12wZP/3sWmnc=
github.com/gorilla/websocket v1.5.0/go.mod h1:YR8l580nyteQvAITg2hZ9XVh4b55+EU/adAjf1fMHhE=
github.com/inconshreveable/mousetrap v1.0.0/go.mod h1:PxqpIevigyE2G7u3NXJIT2ANytuPF1OarO4DADm73n8=
github.com/inconshreveable/mousetrap v1.0.1 h1:U3uMjPSQEBMNp1lFxmllqCPM6P5u/Xq7Pgzkat/bFNc=
github.com/inconshreveable/mousetrap v1.0.1/go.mod h1:vpF70FUmC8bwa3OWnCshd2FqLfsEA9PFc4w1p2J65bw=
github.com/julienschmidt/httprouter v1.3.0 h1:U0609e9tgbseu3rBINet9P48AI/D3oJs4dN7jwJOQ1U=
github.com/julienschmidt/httprouter v1.3.0/go.mod h1:JR6WtHb+2LUe8TCKY3cZOxFyyO8IZAc4RVcycCCAKdM=
github.com/manifoldco/promptui v0.9.0 h1:3V4HzJk1TtXW1MTZMP7mdlwbBpIinw3HztaIlYthEiA=
github.com/manifoldco/promptui v0.9.0/go.mod h1:ka04sppxSGFAtxX0qhlYQjISsg9mR4GWtQEhdbn6Pgg=
github.com/mattn/go-colorable v0.1.9 h1:sqDoxXbdeALODt0DAeJCVp38ps9ZogZEAXjus69YV3U=
github.com/mattn/go-colorable v0.1.9/go.mod h1:u6P/XSegPjTcexA+o6vUJrdnUu04hMope9wVRipJSqc=
github.com/mattn/go-isatty v0.0.12/go.mod h1:cbi8OIDigv2wuxKPP5vlRcQ1OAZbq2CE4Kysco4FUpU=
github.com/mattn/go-isatty v0.0.14 h1:yVuAays6BHfxijgZPzw+3Zlu5yQgKGP2/hcQbHb7S9Y=
github.com/mattn/go-isatty v0.0.14/go.mod h1:7GGIvUiUoEMVVmxf/4nioHXj79iQHKdU27kJ6hsGG94=
github.com/pmezard/go-difflib v1.0.0 h1:4DBwDE0NGyQoBHbLQYPwSUPoCMWR5BEzIk/f1lZbAQM=
github.com/pmezard/go-difflib v1.0.0/go.mod h1:iKH77koFhYxTK1pcRnkKkqfTogsbg7gZNVY4sRDYZ/4=
github.com/russross/blackfriday/v2 v2.1.0/go.mod h1:+Rmxgy9KzJVeS9/2gXHxylqXiyQDYRxCVz55jmeOWTM=
github.com/spf13/cobra v1.5.0 h1:X+jTBEBqF0bHN+9cSMgmfuvv2VHJ9ezmFNf9Y/XstYU=
github.com/spf13/cobra v1.5.0/go.mod h1:dWXEIy2H428czQCjInthrTRUg7yKbok+2Qi/yBIJoUM=
github.com/spf13/pflag v1.0.5 h1:iy+VFUOCP1a+8yFto/drg2CJ5u0yRoB7fZw3DKv/JXA=
github.com/spf13/pflag v1.0.5/go.mod h1:McXfInJRrz4CZXVZOBLb0bTZqETkiAhM9Iw0y3An2Bg=
github.com/stretchr/objx v0.1.0/go.mod h1:HFkY916IF+rwdDfMAkV7OtwuqBVzrE8GR6GFx+wExME=
github.com/stretchr/testify v1.7.1 h1:5TQK59W5E3v0r2duFAb7P95B6hEeOyEnHRa8MjYSMTY=
github.com/stretchr/testify v1.7.1/go.mod h1:6Fq8oRcR53rry900zMqJjRRixrwX3KX962/h/Wwjteg=
github.com/vanng822/css v1.0.1 h1:10yiXc4e8NI8ldU6mSrWmSWMuyWgPr9DZ63RSlsgDw8=
github.com/vanng822/css v1.0.1/go.mod h1:tcnB1voG49QhCrwq1W0w5hhGasvOg+VQp9i9H1rCM1w=
golang.org/x/net v0.0.0-20220520000938-2e3eb7b945c2 h1:NWy5+hlRbC7HK+PmcXVUmW1IMyFce7to56IUvhUFm7Y=
golang.org/x/net v0.0.0-20220520000938-2e3eb7b945c2/go.mod h1:CfG3xpIq0wQ8r1q4Su4UZFWDARRcnwPjda9FqA0JpMk=
golang.org/x/sys v0.0.0-20181122145206-62eef0e2fa9b/go.mod h1:STP8DvDyc/dI5b8T5hshtkjS+E42TnysNCUPdjciGhY=
golang.org/x/sys v0.0.0-20200116001909-b77594299b42/go.mod h1:h1NjWce9XRLGQEsW7wpKNCjG9DtNlClVuFLEZdDNbEs=
golang.org/x/sys v0.0.0-20200223170610-d5e6a3e2c0ae/go.mod h1:h1NjWce9XRLGQEsW7wpKNCjG9DtNlClVuFLEZdDNbEs=
golang.org/x/sys v0.0.0-20210630005230-0f9fa26af87c/go.mod h1:oPkhp1MJrh7nUepCBck5+mAzfO9JrbApNNgaTdGDITg=
golang.org/x/sys v0.0.0-20220412211240-33da011f77ad/go.mod h1:oPkhp1MJrh7nUepCBck5+mAzfO9JrbApNNgaTdGDITg=
golang.org/x/sys v0.0.0-20220715151400-c0bba94af5f8/go.mod h1:oPkhp1MJrh7nUepCBck5+mAzfO9JrbApNNgaTdGDITg=
golang.org/x/sys v0.0.0-20220915200043-7b5979e65e41 h1:ohgcoMbSofXygzo6AD2I1kz3BFmW1QArPYTtwEM3UXc=
golang.org/x/sys v0.0.0-20220915200043-7b5979e65e41/go.mod h1:oPkhp1MJrh7nUepCBck5+mAzfO9JrbApNNgaTdGDITg=
gopkg.in/check.v1 v0.0.0-20161208181325-20d25e280405/go.mod h1:Co6ibVJAznAaIkqp8huTwlJQCZ016jof/cbN4VW5Yz0=
gopkg.in/yaml.v2 v2.4.0/go.mod h1:RDklbk79AGWmwhnvt/jBztapEOGDOx6ZbXqjP6csGnQ=
gopkg.in/yaml.v3 v3.0.0-20200313102051-9f266ea9e77c/go.mod h1:K4uyk7z7BCEPqu6E+C64Yfv1cQ7kz7rIZviUmN+EgEM=
gopkg.in/yaml.v3 v3.0.0-20210107192922-496545a6307b h1:h8qDotaEPuJATrMmW04NCwg7v22aHH28wwpauUhK9Oo=
gopkg.in/yaml.v3 v3.0.0-20210107192922-496545a6307b/go.mod h1:K4uyk7z7BCEPqu6E+C64Yfv1cQ7kz7rIZviUmN+EgEM=
rogchap.com/v8go v0.7.0 h1:kgjbiO4zE5itA962ze6Hqmbs4HgZbGzmueCXsZtremg=
rogchap.com/v8go v0.7.0/go.mod h1:MxgP3pL2MW4dpme/72QRs8sgNMmM0pRc8DPhcuLWPAs=
